
Microsoft Visual Studio Solution File, Format Version 12.00
# Visual Studio Version 17
VisualStudioVersion = 17.9.34723.18
MinimumVisualStudioVersion = 10.0.40219.1
Project("{FAE04EC0-301F-11D3-BF4B-00C04F79EFBC}") = "Cronometro", "Cronometro\Cronometro.csproj", "{87F32109-9E98-41D1-B6FD-C783AC603BCF}"
EndProject
Global
	GlobalSection(SolutionConfigurationPlatforms) = preSolution
		Debug|Any CPU = Debug|Any CPU
		Release|Any CPU = Release|Any CPU
	EndGlobalSection
	GlobalSection(ProjectConfigurationPlatforms) = postSolution
		{87F32109-9E98-41D1-B6FD-C783AC603BCF}.Debug|Any CPU.ActiveCfg = Debug|Any CPU
		{87F32109-9E98-41D1-B6FD-C783AC603BCF}.Debug|Any CPU.Build.0 = Debug|Any CPU
		{87F32109-9E98-41D1-B6FD-C783AC603BCF}.Release|Any CPU.ActiveCfg = Release|Any CPU
		{87F32109-9E98-41D1-B6FD-C783AC603BCF}.Release|Any CPU.Build.0 = Release|Any CPU
	EndGlobalSection
	GlobalSection(SolutionProperties) = preSolution
		HideSolutionNode = FALSE
	EndGlobalSection
	GlobalSection(ExtensibilityGlobals) = postSolution
		SolutionGuid = {B48F27E3-68FD-4194-92B8-983A0DC17668}
	EndGlobalSection
EndGlobal
